
Microsoft Visual Studio Solution File, Format Version 12.00
Project("{FAE04EC0-301F-11D3-BF4B-00C04F79EFBC}") = "APBD10", "APBD10\APBD10.csproj", "{38F52A5A-4095-4CF7-8C4F-0AFC05841368}"
EndProject
Global
	GlobalSection(SolutionConfigurationPlatforms) = preSolution
		Debug|Any CPU = Debug|Any CPU
		Release|Any CPU = Release|Any CPU
	EndGlobalSection
	GlobalSection(ProjectConfigurationPlatforms) = postSolution
		{38F52A5A-4095-4CF7-8C4F-0AFC05841368}.Debug|Any CPU.ActiveCfg = Debug|Any CPU
		{38F52A5A-4095-4CF7-8C4F-0AFC05841368}.Debug|Any CPU.Build.0 = Debug|Any CPU
		{38F52A5A-4095-4CF7-8C4F-0AFC05841368}.Release|Any CPU.ActiveCfg = Release|Any CPU
		{38F52A5A-4095-4CF7-8C4F-0AFC05841368}.Release|Any CPU.Build.0 = Release|Any CPU
	EndGlobalSection
EndGlobal
